// !$*UTF8*$!
{
	archiveVersion = 1;
	classes = {
	};
	objectVersion = 56;
	objects = {

/* Begin PBXBuildFile section */
		9FA6767B2BD12E79003701BB /* AttributedStringSwiftUIApp.swift in Sources */ = {isa = PBXBuildFile; fileRef = 9FA6767A2BD12E79003701BB /* AttributedStringSwiftUIApp.swift */; };
		9FA6767D2BD12E79003701BB /* ContentView.swift in Sources */ = {isa = PBXBuildFile; fileRef = 9FA6767C2BD12E79003701BB /* ContentView.swift */; };
		9FA6767F2BD12E7A003701BB /* Assets.xcassets in Resources */ = {isa = PBXBuildFile; fileRef = 9FA6767E2BD12E7A003701BB /* Assets.xcassets */; };
		9FA676822BD12E7A003701BB /* Preview Assets.xcassets in Resources */ = {isa = PBXBuildFile; fileRef = 9FA676812BD12E7A003701BB /* Preview Assets.xcassets */; };
		9FA6768C2BD12E7A003701BB /* AttributedStringSwiftUITests.swift in Sources */ = {isa = PBXBuildFile; fileRef = 9FA6768B2BD12E7A003701BB /* AttributedStringSwiftUITests.swift */; };
		9FA676962BD12E7A003701BB /* AttributedStringSwiftUIUITests.swift in Sources */ = {isa = PBXBuildFile; fileRef = 9FA676952BD12E7A003701BB /* AttributedStringSwiftUIUITests.swift */; };
		9FA676982BD12E7A003701BB /* AttributedStringSwiftUIUITestsLaunchTests.swift in Sources */ = {isa = PBXBuildFile; fileRef = 9FA676972BD12E7A003701BB /* AttributedStringSwiftUIUITestsLaunchTests.swift */; };
/* End PBXBuildFile section */

/* Begin PBXContainerItemProxy section */
		9FA676882BD12E7A003701BB /* PBXContainerItemProxy */ = {
			isa = PBXContainerItemProxy;
			containerPortal = 9FA6766F2BD12E79003701BB /* Project object */;
			proxyType = 1;
			remoteGlobalIDString = 9FA676762BD12E79003701BB;
			remoteInfo = AttributedStringSwiftUI;
		};
		9FA676922BD12E7A003701BB /* PBXContainerItemProxy */ = {
			isa = PBXContainerItemProxy;
			containerPortal = 9FA6766F2BD12E79003701BB /* Project object */;
			proxyType = 1;
			remoteGlobalIDString = 9FA676762BD12E79003701BB;
			remoteInfo = AttributedStringSwiftUI;
		};
/* End PBXContainerItemProxy section */

/* Begin PBXFileReference section */
		9FA676772BD12E79003701BB /* AttributedStringSwiftUI.app */ = {isa = PBXFileReference; explicitFileType = wrapper.application; includeInIndex = 0; path = AttributedStringSwiftUI.app; sourceTree = BUILT_PRODUCTS_DIR; };
		9FA6767A2BD12E79003701BB /* AttributedStringSwiftUIApp.swift */ = {isa = PBXFileReference; lastKnownFileType = sourcecode.swift; path = AttributedStringSwiftUIApp.swift; sourceTree = "<group>"; };
		9FA6767C2BD12E79003701BB /* ContentView.swift */ = {isa = PBXFileReference; lastKnownFileType = sourcecode.swift; path = ContentView.swift; sourceTree = "<group>"; };
		9FA6767E2BD12E7A003701BB /* Assets.xcassets */ = {isa = PBXFileReference; lastKnownFileType = folder.assetcatalog; path = Assets.xcassets; sourceTree = "<group>"; };
		9FA676812BD12E7A003701BB /* Preview Assets.xcassets */ = {isa = PBXFileReference; lastKnownFileType = folder.assetcatalog; path = "Preview Assets.xcassets"; sourceTree = "<group>"; };
		9FA676872BD12E7A003701BB /* AttributedStringSwiftUITests.xctest */ = {isa = PBXFileReference; explicitFileType = wrapper.cfbundle; includeInIndex = 0; path = AttributedStringSwiftUITests.xctest; sourceTree = BUILT_PRODUCTS_DIR; };
		9FA6768B2BD12E7A003701BB /* AttributedStringSwiftUITests.swift */ = {isa = PBXFileReference; lastKnownFileType = sourcecode.swift; path = AttributedStringSwiftUITests.swift; sourceTree = "<group>"; };
		9FA676912BD12E7A003701BB /* AttributedStringSwiftUIUITests.xctest */ = {isa = PBXFileReference; explicitFileType = wrapper.cfbundle; includeInIndex = 0; path = AttributedStringSwiftUIUITests.xctest; sourceTree = BUILT_PRODUCTS_DIR; };
		9FA676952BD12E7A003701BB /* AttributedStringSwiftUIUITests.swift */ = {isa = PBXFileReference; lastKnownFileType = sourcecode.swift; path = AttributedStringSwiftUIUITests.swift; sourceTree = "<group>"; };
		9FA676972BD12E7A003701BB /* AttributedStringSwiftUIUITestsLaunchTests.swift */ = {isa = PBXFileReference; lastKnownFileType = sourcecode.swift; path = AttributedStringSwiftUIUITestsLaunchTests.swift; sourceTree = "<group>"; };
/* End PBXFileReference section */

/* Begin PBXFrameworksBuildPhase section */
		9FA676742BD12E79003701BB /* Frameworks */ = {
			isa = PBXFrameworksBuildPhase;
			buildActionMask = 2147483647;
			files = (
			);
			runOnlyForDeploymentPostprocessing = 0;
		};
		9FA676842BD12E7A003701BB /* Frameworks */ = {
			isa = PBXFrameworksBuildPhase;
			buildActionMask = 2147483647;
			files = (
			);
			runOnlyForDeploymentPostprocessing = 0;
		};
		9FA6768E2BD12E7A003701BB /* Frameworks */ = {
			isa = PBXFrameworksBuildPhase;
			buildActionMask = 2147483647;
			files = (
			);
			runOnlyForDeploymentPostprocessing = 0;
		};
/* End PBXFrameworksBuildPhase section */

/* Begin PBXGroup section */
		9FA6766E2BD12E79003701BB = {
			isa = PBXGroup;
			children = (
				9FA676792BD12E79003701BB /* AttributedStringSwiftUI */,
				9FA6768A2BD12E7A003701BB /* AttributedStringSwiftUITests */,
				9FA676942BD12E7A003701BB /* AttributedStringSwiftUIUITests */,
				9FA676782BD12E79003701BB /* Products */,
			);
			sourceTree = "<group>";
		};
		9FA676782BD12E79003701BB /* Products */ = {
			isa = PBXGroup;
			children = (
				9FA676772BD12E79003701BB /* AttributedStringSwiftUI.app */,
				9FA676872BD12E7A003701BB /* AttributedStringSwiftUITests.xctest */,
				9FA676912BD12E7A003701BB /* AttributedStringSwiftUIUITests.xctest */,
			);
			name = Products;
			sourceTree = "<group>";
		};
		9FA676792BD12E79003701BB /* AttributedStringSwiftUI */ = {
			isa = PBXGroup;
			children = (
				9FA6767A2BD12E79003701BB /* AttributedStringSwiftUIApp.swift */,
				9FA6767C2BD12E79003701BB /* ContentView.swift */,
				9FA6767E2BD12E7A003701BB /* Assets.xcassets */,
				9FA676802BD12E7A003701BB /* Preview Content */,
			);
			path = AttributedStringSwiftUI;
			sourceTree = "<group>";
		};
		9FA676802BD12E7A003701BB /* Preview Content */ = {
			isa = PBXGroup;
			children = (
				9FA676812BD12E7A003701BB /* Preview Assets.xcassets */,
			);
			path = "Preview Content";
			sourceTree = "<group>";
		};
		9FA6768A2BD12E7A003701BB /* AttributedStringSwiftUITests */ = {
			isa = PBXGroup;
			children = (
				9FA6768B2BD12E7A003701BB /* AttributedStringSwiftUITests.swift */,
			);
			path = AttributedStringSwiftUITests;
			sourceTree = "<group>";
		};
		9FA676942BD12E7A003701BB /* AttributedStringSwiftUIUITests */ = {
			isa = PBXGroup;
			children = (
				9FA676952BD12E7A003701BB /* AttributedStringSwiftUIUITests.swift */,
				9FA676972BD12E7A003701BB /* AttributedStringSwiftUIUITestsLaunchTests.swift */,
			);
			path = AttributedStringSwiftUIUITests;
			sourceTree = "<group>";
		};
/* End PBXGroup section */

/* Begin PBXNativeTarget section */
		9FA676762BD12E79003701BB /* AttributedStringSwiftUI */ = {
			isa = PBXNativeTarget;
			buildConfigurationList = 9FA6769B2BD12E7A003701BB /* Build configuration list for PBXNativeTarget "AttributedStringSwiftUI" */;
			buildPhases = (
				9FA676732BD12E79003701BB /* Sources */,
				9FA676742BD12E79003701BB /* Frameworks */,
				9FA676752BD12E79003701BB /* Resources */,
			);
			buildRules = (
			);
			dependencies = (
			);
			name = AttributedStringSwiftUI;
			productName = AttributedStringSwiftUI;
			productReference = 9FA676772BD12E79003701BB /* AttributedStringSwiftUI.app */;
			productType = "com.apple.product-type.application";
		};
		9FA676862BD12E7A003701BB /* AttributedStringSwiftUITests */ = {
			isa = PBXNativeTarget;
			buildConfigurationList = 9FA6769E2BD12E7A003701BB /* Build configuration list for PBXNativeTarget "AttributedStringSwiftUITests" */;
			buildPhases = (
				9FA676832BD12E7A003701BB /* Sources */,
				9FA676842BD12E7A003701BB /* Frameworks */,
				9FA676852BD12E7A003701BB /* Resources */,
			);
			buildRules = (
			);
			dependencies = (
				9FA676892BD12E7A003701BB /* PBXTargetDependency */,
			);
			name = AttributedStringSwiftUITests;
			productName = AttributedStringSwiftUITests;
			productReference = 9FA676872BD12E7A003701BB /* AttributedStringSwiftUITests.xctest */;
			productType = "com.apple.product-type.bundle.unit-test";
		};
		9FA676902BD12E7A003701BB /* AttributedStringSwiftUIUITests */ = {
			isa = PBXNativeTarget;
			buildConfigurationList = 9FA676A12BD12E7A003701BB /* Build configuration list for PBXNativeTarget "AttributedStringSwiftUIUITests" */;
			buildPhases = (
				9FA6768D2BD12E7A003701BB /* Sources */,
				9FA6768E2BD12E7A003701BB /* Frameworks */,
				9FA6768F2BD12E7A003701BB /* Resources */,
			);
			buildRules = (
			);
			dependencies = (
				9FA676932BD12E7A003701BB /* PBXTargetDependency */,
			);
			name = AttributedStringSwiftUIUITests;
			productName = AttributedStringSwiftUIUITests;
			productReference = 9FA676912BD12E7A003701BB /* AttributedStringSwiftUIUITests.xctest */;
			productType = "com.apple.product-type.bundle.ui-testing";
		};
/* End PBXNativeTarget section */

/* Begin PBXProject section */
		9FA6766F2BD12E79003701BB /* Project object */ = {
			isa = PBXProject;
			attributes = {
				BuildIndependentTargetsInParallel = 1;
				LastSwiftUpdateCheck = 1510;
				LastUpgradeCheck = 1510;
				TargetAttributes = {
					9FA676762BD12E79003701BB = {
						CreatedOnToolsVersion = 15.1;
					};
					9FA676862BD12E7A003701BB = {
						CreatedOnToolsVersion = 15.1;
						TestTargetID = 9FA676762BD12E79003701BB;
					};
					9FA676902BD12E7A003701BB = {
						CreatedOnToolsVersion = 15.1;
						TestTargetID = 9FA676762BD12E79003701BB;
					};
				};
			};
			buildConfigurationList = 9FA676722BD12E79003701BB /* Build configuration list for PBXProject "AttributedStringSwiftUI" */;
			compatibilityVersion = "Xcode 14.0";
			developmentRegion = en;
			hasScannedForEncodings = 0;
			knownRegions = (
				en,
				Base,
			);
			mainGroup = 9FA6766E2BD12E79003701BB;
			productRefGroup = 9FA676782BD12E79003701BB /* Products */;
			projectDirPath = "";
			projectRoot = "";
			targets = (
				9FA676762BD12E79003701BB /* AttributedStringSwiftUI */,
				9FA676862BD12E7A003701BB /* AttributedStringSwiftUITests */,
				9FA676902BD12E7A003701BB /* AttributedStringSwiftUIUITests */,
			);
		};
/* End PBXProject section */

/* Begin PBXResourcesBuildPhase section */
		9FA676752BD12E79003701BB /* Resources */ = {
			isa = PBXResourcesBuildPhase;
			buildActionMask = 2147483647;
			files = (
				9FA676822BD12E7A003701BB /* Preview Assets.xcassets in Resources */,
				9FA6767F2BD12E7A003701BB /* Assets.xcassets in Resources */,
			);
			runOnlyForDeploymentPostprocessing = 0;
		};
		9FA676852BD12E7A003701BB /* Resources */ = {
			isa = PBXResourcesBuildPhase;
			buildActionMask = 2147483647;
			files = (
			);
			runOnlyForDeploymentPostprocessing = 0;
		};
		9FA6768F2BD12E7A003701BB /* Resources */ = {
			isa = PBXResourcesBuildPhase;
			buildActionMask = 2147483647;
			files = (
			);
			runOnlyForDeploymentPostprocessing = 0;
		};
/* End PBXResourcesBuildPhase section */

/* Begin PBXSourcesBuildPhase section */
		9FA676732BD12E79003701BB /* Sources */ = {
			isa = PBXSourcesBuildPhase;
			buildActionMask = 2147483647;
			files = (
				9FA6767D2BD12E79003701BB /* ContentView.swift in Sources */,
				9FA6767B2BD12E79003701BB /* AttributedStringSwiftUIApp.swift in Sources */,
			);
			runOnlyForDeploymentPostprocessing = 0;
		};
		9FA676832BD12E7A003701BB /* Sources */ = {
			isa = PBXSourcesBuildPhase;
			buildActionMask = 2147483647;
			files = (
				9FA6768C2BD12E7A003701BB /* AttributedStringSwiftUITests.swift in Sources */,
			);
			runOnlyForDeploymentPostprocessing = 0;
		};
		9FA6768D2BD12E7A003701BB /* Sources */ = {
			isa = PBXSourcesBuildPhase;
			buildActionMask = 2147483647;
			files = (
				9FA676962BD12E7A003701BB /* AttributedStringSwiftUIUITests.swift in Sources */,
				9FA676982BD12E7A003701BB /* AttributedStringSwiftUIUITestsLaunchTests.swift in Sources */,
			);
			runOnlyForDeploymentPostprocessing = 0;
		};
/* End PBXSourcesBuildPhase section */

/* Begin PBXTargetDependency section */
		9FA676892BD12E7A003701BB /* PBXTargetDependency */ = {
			isa = PBXTargetDependency;
			target = 9FA676762BD12E79003701BB /* AttributedStringSwiftUI */;
			targetProxy = 9FA676882BD12E7A003701BB /* PBXContainerItemProxy */;
		};
		9FA676932BD12E7A003701BB /* PBXTargetDependency */ = {
			isa = PBXTargetDependency;
			target = 9FA676762BD12E79003701BB /* AttributedStringSwiftUI */;
			targetProxy = 9FA676922BD12E7A003701BB /* PBXContainerItemProxy */;
		};
/* End PBXTargetDependency section */

/* Begin XCBuildConfiguration section */
		9FA676992BD12E7A003701BB /* Debug */ = {
			isa = XCBuildConfiguration;
			buildSettings = {
				ALWAYS_SEARCH_USER_PATHS = NO;
				ASSETCATALOG_COMPILER_GENERATE_SWIFT_ASSET_SYMBOL_EXTENSIONS = YES;
				CLANG_ANALYZER_NONNULL = YES;
				CLANG_ANALYZER_NUMBER_OBJECT_CONVERSION = YES_AGGRESSIVE;
				CLANG_CXX_LANGUAGE_STANDARD = "gnu++20";
				CLANG_ENABLE_MODULES = YES;
				CLANG_ENABLE_OBJC_ARC = YES;
				CLANG_ENABLE_OBJC_WEAK = YES;
				CLANG_WARN_BLOCK_CAPTURE_AUTORELEASING = YES;
				CLANG_WARN_BOOL_CONVERSION = YES;
				CLANG_WARN_COMMA = YES;
				CLANG_WARN_CONSTANT_CONVERSION = YES;
				CLANG_WARN_DEPRECATED_OBJC_IMPLEMENTATIONS = YES;
				CLANG_WARN_DIRECT_OBJC_ISA_USAGE = YES_ERROR;
				CLANG_WARN_DOCUMENTATION_COMMENTS = YES;
				CLANG_WARN_EMPTY_BODY = YES;
				CLANG_WARN_ENUM_CONVERSION = YES;
				CLANG_WARN_INFINITE_RECURSION = YES;
				CLANG_WARN_INT_CONVERSION = YES;
				CLANG_WARN_NON_LITERAL_NULL_CONVERSION = YES;
				CLANG_WARN_OBJC_IMPLICIT_RETAIN_SELF = YES;
				CLANG_WARN_OBJC_LITERAL_CONVERSION = YES;
				CLANG_WARN_OBJC_ROOT_CLASS = YES_ERROR;
				CLANG_WARN_QUOTED_INCLUDE_IN_FRAMEWORK_HEADER = YES;
				CLANG_WARN_RANGE_LOOP_ANALYSIS = YES;
				CLANG_WARN_STRICT_PROTOTYPES = YES;
				CLANG_WARN_SUSPICIOUS_MOVE = YES;
				CLANG_WARN_UNGUARDED_AVAILABILITY = YES_AGGRESSIVE;
				CLANG_WARN_UNREACHABLE_CODE = YES;
				CLANG_WARN__DUPLICATE_METHOD_MATCH = YES;
				COPY_PHASE_STRIP = NO;
				DEBUG_INFORMATION_FORMAT = dwarf;
				ENABLE_STRICT_OBJC_MSGSEND = YES;
				ENABLE_TESTABILITY = YES;
				ENABLE_USER_SCRIPT_SANDBOXING = YES;
				GCC_C_LANGUAGE_STANDARD = gnu17;
				GCC_DYNAMIC_NO_PIC = NO;
				GCC_NO_COMMON_BLOCKS = YES;
				GCC_OPTIMIZATION_LEVEL = 0;
				GCC_PREPROCESSOR_DEFINITIONS = (
					"DEBUG=1",
					"$(inherited)",
				);
				GCC_WARN_64_TO_32_BIT_CONVERSION = YES;
				GCC_WARN_ABOUT_RETURN_TYPE = YES_ERROR;
				GCC_WARN_UNDECLARED_SELECTOR = YES;
				GCC_WARN_UNINITIALIZED_AUTOS = YES_AGGRESSIVE;
				GCC_WARN_UNUSED_FUNCTION = YES;
				GCC_WARN_UNUSED_VARIABLE = YES;
				IPHONEOS_DEPLOYMENT_TARGET = 17.2;
				LOCALIZATION_PREFERS_STRING_CATALOGS = YES;
				MTL_ENABLE_DEBUG_INFO = INCLUDE_SOURCE;
				MTL_FAST_MATH = YES;
				ONLY_ACTIVE_ARCH = YES;
				SDKROOT = iphoneos;
				SWIFT_ACTIVE_COMPILATION_CONDITIONS = "DEBUG $(inherited)";
				SWIFT_OPTIMIZATION_LEVEL = "-Onone";
			};
			name = Debug;
		};
		9FA6769A2BD12E7A003701BB /* Release */ = {
			isa = XCBuildConfiguration;
			buildSettings = {
				ALWAYS_SEARCH_USER_PATHS = NO;
				ASSETCATALOG_COMPILER_GENERATE_SWIFT_ASSET_SYMBOL_EXTENSIONS = YES;
				CLANG_ANALYZER_NONNULL = YES;
				CLANG_ANALYZER_NUMBER_OBJECT_CONVERSION = YES_AGGRESSIVE;
				CLANG_CXX_LANGUAGE_STANDARD = "gnu++20";
				CLANG_ENABLE_MODULES = YES;
				CLANG_ENABLE_OBJC_ARC = YES;
				CLANG_ENABLE_OBJC_WEAK = YES;
				CLANG_WARN_BLOCK_CAPTURE_AUTORELEASING = YES;
				CLANG_WARN_BOOL_CONVERSION = YES;
				CLANG_WARN_COMMA = YES;
				CLANG_WARN_CONSTANT_CONVERSION = YES;
				CLANG_WARN_DEPRECATED_OBJC_IMPLEMENTATIONS = YES;
				CLANG_WARN_DIRECT_OBJC_ISA_USAGE = YES_ERROR;
				CLANG_WARN_DOCUMENTATION_COMMENTS = YES;
				CLANG_WARN_EMPTY_BODY = YES;
				CLANG_WARN_ENUM_CONVERSION = YES;
				CLANG_WARN_INFINITE_RECURSION = YES;
				CLANG_WARN_INT_CONVERSION = YES;
				CLANG_WARN_NON_LITERAL_NULL_CONVERSION = YES;
				CLANG_WARN_OBJC_IMPLICIT_RETAIN_SELF = YES;
				CLANG_WARN_OBJC_LITERAL_CONVERSION = YES;
				CLANG_WARN_OBJC_ROOT_CLASS = YES_ERROR;
				CLANG_WARN_QUOTED_INCLUDE_IN_FRAMEWORK_HEADER = YES;
				CLANG_WARN_RANGE_LOOP_ANALYSIS = YES;
				CLANG_WARN_STRICT_PROTOTYPES = YES;
				CLANG_WARN_SUSPICIOUS_MOVE = YES;
				CLANG_WARN_UNGUARDED_AVAILABILITY = YES_AGGRESSIVE;
				CLANG_WARN_UNREACHABLE_CODE = YES;
				CLANG_WARN__DUPLICATE_METHOD_MATCH = YES;
				COPY_PHASE_STRIP = NO;
				DEBUG_INFORMATION_FORMAT = "dwarf-with-dsym";
				ENABLE_NS_ASSERTIONS = NO;
				ENABLE_STRICT_OBJC_MSGSEND = YES;
				ENABLE_USER_SCRIPT_SANDBOXING = YES;
				GCC_C_LANGUAGE_STANDARD = gnu17;
				GCC_NO_COMMON_BLOCKS = YES;
				GCC_WARN_64_TO_32_BIT_CONVERSION = YES;
				GCC_WARN_ABOUT_RETURN_TYPE = YES_ERROR;
				GCC_WARN_UNDECLARED_SELECTOR = YES;
				GCC_WARN_UNINITIALIZED_AUTOS = YES_AGGRESSIVE;
				GCC_WARN_UNUSED_FUNCTION = YES;
				GCC_WARN_UNUSED_VARIABLE = YES;
				IPHONEOS_DEPLOYMENT_TARGET = 17.2;
				LOCALIZATION_PREFERS_STRING_CATALOGS = YES;
				MTL_ENABLE_DEBUG_INFO = NO;
				MTL_FAST_MATH = YES;
				SDKROOT = iphoneos;
				SWIFT_COMPILATION_MODE = wholemodule;
				VALIDATE_PRODUCT = YES;
			};
			name = Release;
		};
		9FA6769C2BD12E7A003701BB /* Debug */ = {
			isa = XCBuildConfiguration;
			buildSettings = {
				ASSETCATALOG_COMPILER_APPICON_NAME = AppIcon;
				ASSETCATALOG_COMPILER_GLOBAL_ACCENT_COLOR_NAME = AccentColor;
				CODE_SIGN_STYLE = Automatic;
				CURRENT_PROJECT_VERSION = 1;
				DEVELOPMENT_ASSET_PATHS = "\"AttributedStringSwiftUI/Preview Content\"";
				DEVELOPMENT_TEAM = SY4CHD2YQ6;
				ENABLE_PREVIEWS = YES;
				GENERATE_INFOPLIST_FILE = YES;
				INFOPLIST_KEY_UIApplicationSceneManifest_Generation = YES;
				INFOPLIST_KEY_UIApplicationSupportsIndirectInputEvents = YES;
				INFOPLIST_KEY_UILaunchScreen_Generation = YES;
				INFOPLIST_KEY_UISupportedInterfaceOrientations_iPad = "UIInterfaceOrientationPortrait UIInterfaceOrientationPortraitUpsideDown UIInterfaceOrientationLandscapeLeft UIInterfaceOrientationLandscapeRight";
				INFOPLIST_KEY_UISupportedInterfaceOrientations_iPhone = "UIInterfaceOrientationPortrait UIInterfaceOrientationLandscapeLeft UIInterfaceOrientationLandscapeRight";
				LD_RUNPATH_SEARCH_PATHS = (
					"$(inherited)",
					"@executable_path/Frameworks",
				);
				MARKETING_VERSION = 1.0;
				PRODUCT_BUNDLE_IDENTIFIER = Arjunan.AttributedStringSwiftUI;
				PRODUCT_NAME = "$(TARGET_NAME)";
				SWIFT_EMIT_LOC_STRINGS = YES;
				SWIFT_VERSION = 5.0;
				TARGETED_DEVICE_FAMILY = "1,2";
			};
			name = Debug;
		};
		9FA6769D2BD12E7A003701BB /* Release */ = {
			isa = XCBuildConfiguration;
			buildSettings = {
				ASSETCATALOG_COMPILER_APPICON_NAME = AppIcon;
				ASSETCATALOG_COMPILER_GLOBAL_ACCENT_COLOR_NAME = AccentColor;
				CODE_SIGN_STYLE = Automatic;
				CURRENT_PROJECT_VERSION = 1;
				DEVELOPMENT_ASSET_PATHS = "\"AttributedStringSwiftUI/Preview Content\"";
				DEVELOPMENT_TEAM = SY4CHD2YQ6;
				ENABLE_PREVIEWS = YES;
				GENERATE_INFOPLIST_FILE = YES;
				INFOPLIST_KEY_UIApplicationSceneManifest_Generation = YES;
				INFOPLIST_KEY_UIApplicationSupportsIndirectInputEvents = YES;
				INFOPLIST_KEY_UILaunchScreen_Generation = YES;
				INFOPLIST_KEY_UISupportedInterfaceOrientations_iPad = "UIInterfaceOrientationPortrait UIInterfaceOrientationPortraitUpsideDown UIInterfaceOrientationLandscapeLeft UIInterfaceOrientationLandscapeRight";
				INFOPLIST_KEY_UISupportedInterfaceOrientations_iPhone = "UIInterfaceOrientationPortrait UIInterfaceOrientationLandscapeLeft UIInterfaceOrientationLandscapeRight";
				LD_RUNPATH_SEARCH_PATHS = (
					"$(inherited)",
					"@executable_path/Frameworks",
				);
				MARKETING_VERSION = 1.0;
				PRODUCT_BUNDLE_IDENTIFIER = Arjunan.AttributedStringSwiftUI;
				PRODUCT_NAME = "$(TARGET_NAME)";
				SWIFT_EMIT_LOC_STRINGS = YES;
				SWIFT_VERSION = 5.0;
				TARGETED_DEVICE_FAMILY = "1,2";
			};
			name = Release;
		};
		9FA6769F2BD12E7A003701BB /* Debug */ = {
			isa = XCBuildConfiguration;
			buildSettings = {
				ALWAYS_EMBED_SWIFT_STANDARD_LIBRARIES = YES;
				BUNDLE_LOADER = "$(TEST_HOST)";
				CODE_SIGN_STYLE = Automatic;
				CURRENT_PROJECT_VERSION = 1;
				DEVELOPMENT_TEAM = SY4CHD2YQ6;
				GENERATE_INFOPLIST_FILE = YES;
				IPHONEOS_DEPLOYMENT_TARGET = 17.2;
				MARKETING_VERSION = 1.0;
				PRODUCT_BUNDLE_IDENTIFIER = Arjunan.AttributedStringSwiftUITests;
				PRODUCT_NAME = "$(TARGET_NAME)";
				SWIFT_EMIT_LOC_STRINGS = NO;
				SWIFT_VERSION = 5.0;
				TARGETED_DEVICE_FAMILY = "1,2";
				TEST_HOST = "$(BUILT_PRODUCTS_DIR)/AttributedStringSwiftUI.app/$(BUNDLE_EXECUTABLE_FOLDER_PATH)/AttributedStringSwiftUI";
			};
			name = Debug;
		};
		9FA676A02BD12E7A003701BB /* Release */ = {
			isa = XCBuildConfiguration;
			buildSettings = {
				ALWAYS_EMBED_SWIFT_STANDARD_LIBRARIES = YES;
				BUNDLE_LOADER = "$(TEST_HOST)";
				CODE_SIGN_STYLE = Automatic;
				CURRENT_PROJECT_VERSION = 1;
				DEVELOPMENT_TEAM = SY4CHD2YQ6;
				GENERATE_INFOPLIST_FILE = YES;
				IPHONEOS_DEPLOYMENT_TARGET = 17.2;
				MARKETING_VERSION = 1.0;
				PRODUCT_BUNDLE_IDENTIFIER = Arjunan.AttributedStringSwiftUITests;
				PRODUCT_NAME = "$(TARGET_NAME)";
				SWIFT_EMIT_LOC_STRINGS = NO;
				SWIFT_VERSION = 5.0;
				TARGETED_DEVICE_FAMILY = "1,2";
				TEST_HOST = "$(BUILT_PRODUCTS_DIR)/AttributedStringSwiftUI.app/$(BUNDLE_EXECUTABLE_FOLDER_PATH)/AttributedStringSwiftUI";
			};
			name = Release;
		};
		9FA676A22BD12E7A003701BB /* Debug */ = {
			isa = XCBuildConfiguration;
			buildSettings = {
				ALWAYS_EMBED_SWIFT_STANDARD_LIBRARIES = YES;
				CODE_SIGN_STYLE = Automatic;
				CURRENT_PROJECT_VERSION = 1;
				DEVELOPMENT_TEAM = SY4CHD2YQ6;
				GENERATE_INFOPLIST_FILE = YES;
				MARKETING_VERSION = 1.0;
				PRODUCT_BUNDLE_IDENTIFIER = Arjunan.AttributedStringSwiftUIUITests;
				PRODUCT_NAME = "$(TARGET_NAME)";
				SWIFT_EMIT_LOC_STRINGS = NO;
				SWIFT_VERSION = 5.0;
				TARGETED_DEVICE_FAMILY = "1,2";
				TEST_TARGET_NAME = AttributedStringSwiftUI;
			};
			name = Debug;
		};
		9FA676A32BD12E7A003701BB /* Release */ = {
			isa = XCBuildConfiguration;
			buildSettings = {
				ALWAYS_EMBED_SWIFT_STANDARD_LIBRARIES = YES;
				CODE_SIGN_STYLE = Automatic;
				CURRENT_PROJECT_VERSION = 1;
				DEVELOPMENT_TEAM = SY4CHD2YQ6;
				GENERATE_INFOPLIST_FILE = YES;
				MARKETING_VERSION = 1.0;
				PRODUCT_BUNDLE_IDENTIFIER = Arjunan.AttributedStringSwiftUIUITests;
				PRODUCT_NAME = "$(TARGET_NAME)";
				SWIFT_EMIT_LOC_STRINGS = NO;
				SWIFT_VERSION = 5.0;
				TARGETED_DEVICE_FAMILY = "1,2";
				TEST_TARGET_NAME = AttributedStringSwiftUI;
			};
			name = Release;
		};
/* End XCBuildConfiguration section */

/* Begin XCConfigurationList section */
		9FA676722BD12E79003701BB /* Build configuration list for PBXProject "AttributedStringSwiftUI" */ = {
			isa = XCConfigurationList;
			buildConfigurations = (
				9FA676992BD12E7A003701BB /* Debug */,
				9FA6769A2BD12E7A003701BB /* Release */,
			);
			defaultConfigurationIsVisible = 0;
			defaultConfigurationName = Release;
		};
		9FA6769B2BD12E7A003701BB /* Build configuration list for PBXNativeTarget "AttributedStringSwiftUI" */ = {
			isa = XCConfigurationList;
			buildConfigurations = (
				9FA6769C2BD12E7A003701BB /* Debug */,
				9FA6769D2BD12E7A003701BB /* Release */,
			);
			defaultConfigurationIsVisible = 0;
			defaultConfigurationName = Release;
		};
		9FA6769E2BD12E7A003701BB /* Build configuration list for PBXNativeTarget "AttributedStringSwiftUITests" */ = {
			isa = XCConfigurationList;
			buildConfigurations = (
				9FA6769F2BD12E7A003701BB /* Debug */,
				9FA676A02BD12E7A003701BB /* Release */,
			);
			defaultConfigurationIsVisible = 0;
			defaultConfigurationName = Release;
		};
		9FA676A12BD12E7A003701BB /* Build configuration list for PBXNativeTarget "AttributedStringSwiftUIUITests" */ = {
			isa = XCConfigurationList;
			buildConfigurations = (
				9FA676A22BD12E7A003701BB /* Debug */,
				9FA676A32BD12E7A003701BB /* Release */,
			);
			defaultConfigurationIsVisible = 0;
			defaultConfigurationName = Release;
		};
/* End XCConfigurationList section */
	};
	rootObject = 9FA6766F2BD12E79003701BB /* Project object */;
}
